
Microsoft Visual Studio Solution File, Format Version 12.00
# Visual Studio Version 17
VisualStudioVersion = 17.0.31919.166
MinimumVisualStudioVersion = 10.0.40219.1
Project("{FAE04EC0-301F-11D3-BF4B-00C04F79EFBC}") = "boasVindas", "boasVindas\boasVindas.csproj", "{57AFEC52-69B3-4666-BA6C-0B0366ADB1B6}"
EndProject
Global
	GlobalSection(SolutionConfigurationPlatforms) = preSolution
		Debug|Any CPU = Debug|Any CPU
		Release|Any CPU = Release|Any CPU
	EndGlobalSection
	GlobalSection(ProjectConfigurationPlatforms) = postSolution
		{57AFEC52-69B3-4666-BA6C-0B0366ADB1B6}.Debug|Any CPU.ActiveCfg = Debug|Any CPU
		{57AFEC52-69B3-4666-BA6C-0B0366ADB1B6}.Debug|Any CPU.Build.0 = Debug|Any CPU
		{57AFEC52-69B3-4666-BA6C-0B0366ADB1B6}.Release|Any CPU.ActiveCfg = Release|Any CPU
		{57AFEC52-69B3-4666-BA6C-0B0366ADB1B6}.Release|Any CPU.Build.0 = Release|Any CPU
	EndGlobalSection
	GlobalSection(SolutionProperties) = preSolution
		HideSolutionNode = FALSE
	EndGlobalSection
	GlobalSection(ExtensibilityGlobals) = postSolution
		SolutionGuid = {698B62AB-F335-42EC-B2CC-65F795959576}
	EndGlobalSection
EndGlobal
